<Solution>
  <Folder Name="/Solution Items/">
    <File Path=".github/workflows/build-and-test.yml" />
    <File Path=".github/workflows/deploy.yml" />
    <File Path="Directory.Build.props" />
    <File Path="global.json" />
  </Folder>
  <Project Path="IntelliTect.TestTools.Console.Tests/IntelliTect.TestTools.Console.Tests.csproj" />
  <Project Path="IntelliTect.TestTools.Console/IntelliTect.TestTools.Console.csproj" />
</Solution>
